<?xml version="1.0" encoding="UTF-8" standalone="yes" ?>
<CodeBlocks_project_file>
	<FileVersion major="1" minor="6" />
	<Project>
		<Option title="AutoCell" />
		<Option pch_mode="2" />
		<Option compiler="gcc" />
		<Build>
			<Target title="Debug">
				<Option output="bin/Debug/AutoCell" prefix_auto="1" extension_auto="1" />
				<Option object_output="obj/Debug/" />
				<Option type="1" />
				<Option compiler="gcc" />
				<Compiler>
					<Add option="-g" />
					<Add directory="include" />
				</Compiler>
			</Target>
			<Target title="Release">
				<Option output="bin/Release/AutoCell" prefix_auto="1" extension_auto="1" />
				<Option object_output="obj/Release/" />
				<Option type="1" />
				<Option compiler="gcc" />
				<Compiler>
					<Add option="-O2" />
					<Add directory="include" />
				</Compiler>
				<Linker>
					<Add option="-s" />
				</Linker>
			</Target>
		</Build>
		<Compiler>
			<Add option="-Wall" />
			<Add option="-fexceptions" />
		</Compiler>
		<Unit filename="AbstractGameOfLife.cpp" />
		<Unit filename="AbstractGameOfLife.h" />
		<Unit filename="Automaton.cpp" />
		<Unit filename="Automaton.h" />
		<Unit filename="ElementaryAutomaton.cpp" />
		<Unit filename="ElementaryAutomaton.h" />
		<Unit filename="GameOfLife.cpp" />
		<Unit filename="GameOfLife.h" />
		<Unit filename="QuadLife.cpp" />
		<Unit filename="QuadLife.h" />
		<Unit filename="grid.cpp" />
		<Unit filename="grid.h" />
		<Unit filename="gridGenerator.h" />
		<Unit filename="main.cpp" />
		<Unit filename="randomGridGenerator.cpp" />
		<Unit filename="randomGridGenerator.h" />
		<Unit filename="simulator.cpp" />
		<Unit filename="simulator.h" />
		<Unit filename="symmetricDGridGenerator.cpp" />
		<Unit filename="symmetricDGridGenerator.h" />
		<Unit filename="symmetricHGridGenerator.cpp" />
		<Unit filename="symmetricHGridGenerator.h" />
		<Unit filename="symmetricVGridGenerator.cpp" />
		<Unit filename="symmetricVGridGenerator.h" />
		<Extensions>
			<code_completion />
			<envvars />
			<debugger />
		</Extensions>
	</Project>
</CodeBlocks_project_file>
